# This file is automatically @generated by Wally.
# It is not intended for manual editing.
registry = "test"

[[package]]
name = "yadbro/banner-notify"
version = "1.4.0"
dependencies = []

[[package]]
name = "yadi/banner-notify-test-rojo"
version = "0.1.0"
dependencies = [["banner-notify", "yadbro/banner-notify@1.4.0"]]
